
Microsoft Visual Studio Solution File, Format Version 12.00
# Visual Studio 15
VisualStudioVersion = 15.0.27520.0
MinimumVisualStudioVersion = 10.0.40219.1
Project("{9A19103F-16F7-4668-BE54-9A1E7A4F7556}") = "SmiqServer", "src\SmiqServer\SmiqServer.csproj", "{6A99FB73-E76B-4371-9C9D-8907AD2946BC}"
EndProject
Project("{2150E333-8FDC-42A3-9474-1A3956D46DE8}") = "Solution Items", "Solution Items", "{A9E1DD4D-C530-47F7-B46A-FD1B488A8C1B}"
	ProjectSection(SolutionItems) = preProject
		.gitignore = .gitignore
		README.md = README.md
	EndProjectSection
EndProject
Project("{FAE04EC0-301F-11D3-BF4B-00C04F79EFBC}") = "SmiqRemote", "src\SmiqRemote\SmiqRemote.csproj", "{672422A5-F054-45C3-9D53-403C78834748}"
EndProject
Global
	GlobalSection(SolutionConfigurationPlatforms) = preSolution
		Debug|Any CPU = Debug|Any CPU
		Release|Any CPU = Release|Any CPU
	EndGlobalSection
	GlobalSection(ProjectConfigurationPlatforms) = postSolution
		{6A99FB73-E76B-4371-9C9D-8907AD2946BC}.Debug|Any CPU.ActiveCfg = Debug|Any CPU
		{6A99FB73-E76B-4371-9C9D-8907AD2946BC}.Debug|Any CPU.Build.0 = Debug|Any CPU
		{6A99FB73-E76B-4371-9C9D-8907AD2946BC}.Release|Any CPU.ActiveCfg = Release|Any CPU
		{6A99FB73-E76B-4371-9C9D-8907AD2946BC}.Release|Any CPU.Build.0 = Release|Any CPU
		{672422A5-F054-45C3-9D53-403C78834748}.Debug|Any CPU.ActiveCfg = Debug|Any CPU
		{672422A5-F054-45C3-9D53-403C78834748}.Debug|Any CPU.Build.0 = Debug|Any CPU
		{672422A5-F054-45C3-9D53-403C78834748}.Release|Any CPU.ActiveCfg = Release|Any CPU
		{672422A5-F054-45C3-9D53-403C78834748}.Release|Any CPU.Build.0 = Release|Any CPU
	EndGlobalSection
	GlobalSection(SolutionProperties) = preSolution
		HideSolutionNode = FALSE
	EndGlobalSection
	GlobalSection(ExtensibilityGlobals) = postSolution
		SolutionGuid = {DF9526D5-2E03-4FB6-961C-63CEB4E61974}
	EndGlobalSection
EndGlobal
